
Microsoft Visual Studio Solution File, Format Version 12.00
# Visual Studio Version 17
VisualStudioVersion = 17.14.36401.2
MinimumVisualStudioVersion = 10.0.40219.1
Project("{FAE04EC0-301F-11D3-BF4B-00C04F79EFBC}") = "winform_app", "Proyecto_DiscosV1\winform_app.csproj", "{EBA6B7DE-C576-445B-82D3-7F073DEB0CE1}"
EndProject
Project("{FAE04EC0-301F-11D3-BF4B-00C04F79EFBC}") = "dominio", "dominio\dominio.csproj", "{92FDE74C-2CF2-48D2-B839-CE7ECDD10023}"
EndProject
Project("{FAE04EC0-301F-11D3-BF4B-00C04F79EFBC}") = "negocio", "negocio\negocio.csproj", "{C812A437-BAC4-4876-A0B5-DE6441C8EE20}"
EndProject
Global
	GlobalSection(SolutionConfigurationPlatforms) = preSolution
		Debug|Any CPU = Debug|Any CPU
		Release|Any CPU = Release|Any CPU
	EndGlobalSection
	GlobalSection(ProjectConfigurationPlatforms) = postSolution
		{EBA6B7DE-C576-445B-82D3-7F073DEB0CE1}.Debug|Any CPU.ActiveCfg = Debug|Any CPU
		{EBA6B7DE-C576-445B-82D3-7F073DEB0CE1}.Debug|Any CPU.Build.0 = Debug|Any CPU
		{EBA6B7DE-C576-445B-82D3-7F073DEB0CE1}.Release|Any CPU.ActiveCfg = Release|Any CPU
		{EBA6B7DE-C576-445B-82D3-7F073DEB0CE1}.Release|Any CPU.Build.0 = Release|Any CPU
		{92FDE74C-2CF2-48D2-B839-CE7ECDD10023}.Debug|Any CPU.ActiveCfg = Debug|Any CPU
		{92FDE74C-2CF2-48D2-B839-CE7ECDD10023}.Debug|Any CPU.Build.0 = Debug|Any CPU
		{92FDE74C-2CF2-48D2-B839-CE7ECDD10023}.Release|Any CPU.ActiveCfg = Release|Any CPU
		{92FDE74C-2CF2-48D2-B839-CE7ECDD10023}.Release|Any CPU.Build.0 = Release|Any CPU
		{C812A437-BAC4-4876-A0B5-DE6441C8EE20}.Debug|Any CPU.ActiveCfg = Debug|Any CPU
		{C812A437-BAC4-4876-A0B5-DE6441C8EE20}.Debug|Any CPU.Build.0 = Debug|Any CPU
		{C812A437-BAC4-4876-A0B5-DE6441C8EE20}.Release|Any CPU.ActiveCfg = Release|Any CPU
		{C812A437-BAC4-4876-A0B5-DE6441C8EE20}.Release|Any CPU.Build.0 = Release|Any CPU
	EndGlobalSection
	GlobalSection(SolutionProperties) = preSolution
		HideSolutionNode = FALSE
	EndGlobalSection
	GlobalSection(ExtensibilityGlobals) = postSolution
		SolutionGuid = {D222D8E3-1590-497F-A0E4-ACC2128C952C}
	EndGlobalSection
EndGlobal
